
Microsoft Visual Studio Solution File, Format Version 12.00
# Visual Studio Version 17
VisualStudioVersion = 17.10.34916.146
MinimumVisualStudioVersion = 10.0.40219.1
Project("{FAE04EC0-301F-11D3-BF4B-00C04F79EFBC}") = "BubbkeSort", "BubbkeSort\BubbkeSort.csproj", "{4D8DD187-C5A2-4588-9CB7-D81CBDD4A831}"
EndProject
Global
	GlobalSection(SolutionConfigurationPlatforms) = preSolution
		Debug|Any CPU = Debug|Any CPU
		Release|Any CPU = Release|Any CPU
	EndGlobalSection
	GlobalSection(ProjectConfigurationPlatforms) = postSolution
		{4D8DD187-C5A2-4588-9CB7-D81CBDD4A831}.Debug|Any CPU.ActiveCfg = Debug|Any CPU
		{4D8DD187-C5A2-4588-9CB7-D81CBDD4A831}.Debug|Any CPU.Build.0 = Debug|Any CPU
		{4D8DD187-C5A2-4588-9CB7-D81CBDD4A831}.Release|Any CPU.ActiveCfg = Release|Any CPU
		{4D8DD187-C5A2-4588-9CB7-D81CBDD4A831}.Release|Any CPU.Build.0 = Release|Any CPU
	EndGlobalSection
	GlobalSection(SolutionProperties) = preSolution
		HideSolutionNode = FALSE
	EndGlobalSection
	GlobalSection(ExtensibilityGlobals) = postSolution
		SolutionGuid = {777580A6-7D58-488F-B558-9C44D1A5A074}
	EndGlobalSection
EndGlobal
