
Microsoft Visual Studio Solution File, Format Version 12.00
# Visual Studio Version 17
VisualStudioVersion = 17.10.34916.146
MinimumVisualStudioVersion = 10.0.40219.1
Project("{FAE04EC0-301F-11D3-BF4B-00C04F79EFBC}") = "ManualLinkList", "ManualLinkList\ManualLinkList.csproj", "{40B57991-D20F-4031-86E4-65CF2BEE06B4}"
EndProject
Global
	GlobalSection(SolutionConfigurationPlatforms) = preSolution
		Debug|Any CPU = Debug|Any CPU
		Release|Any CPU = Release|Any CPU
	EndGlobalSection
	GlobalSection(ProjectConfigurationPlatforms) = postSolution
		{40B57991-D20F-4031-86E4-65CF2BEE06B4}.Debug|Any CPU.ActiveCfg = Debug|Any CPU
		{40B57991-D20F-4031-86E4-65CF2BEE06B4}.Debug|Any CPU.Build.0 = Debug|Any CPU
		{40B57991-D20F-4031-86E4-65CF2BEE06B4}.Release|Any CPU.ActiveCfg = Release|Any CPU
		{40B57991-D20F-4031-86E4-65CF2BEE06B4}.Release|Any CPU.Build.0 = Release|Any CPU
	EndGlobalSection
	GlobalSection(SolutionProperties) = preSolution
		HideSolutionNode = FALSE
	EndGlobalSection
	GlobalSection(ExtensibilityGlobals) = postSolution
		SolutionGuid = {87C762F0-4D41-45FA-9C91-623C6D9A9E2E}
	EndGlobalSection
EndGlobal
